# THIS IS AN AUTOGENERATED FILE. DO NOT EDIT THIS FILE DIRECTLY.
# yarn lockfile v1


"@fortawesome/fontawesome-common-types@^0.2.35":
  version "0.2.35"
  resolved "https://registry.yarnpkg.com/@fortawesome/fontawesome-common-types/-/fontawesome-common-types-0.2.35.tgz#01dd3d054da07a00b764d78748df20daf2b317e9"
  integrity sha512-IHUfxSEDS9dDGqYwIW7wTN6tn/O8E0n5PcAHz9cAaBoZw6UpG20IG/YM3NNLaGPwPqgjBAFjIURzqoQs3rrtuw==

"@fortawesome/fontawesome-svg-core@^1.2.35":
  version "1.2.35"
  resolved "https://registry.yarnpkg.com/@fortawesome/fontawesome-svg-core/-/fontawesome-svg-core-1.2.35.tgz#85aea8c25645fcec88d35f2eb1045c38d3e65cff"
  integrity sha512-uLEXifXIL7hnh2sNZQrIJWNol7cTVIzwI+4qcBIq9QWaZqUblm0IDrtSqbNg+3SQf8SMGHkiSigD++rHmCHjBg==
  dependencies:
    "@fortawesome/fontawesome-common-types" "^0.2.35"

"@fortawesome/free-brands-svg-icons@^5.15.3":
  version "5.15.3"
  resolved "https://registry.yarnpkg.com/@fortawesome/free-brands-svg-icons/-/free-brands-svg-icons-5.15.3.tgz#bec2821d23b9c667be1d192a6c5bfb2667e588eb"
  integrity sha512-1hirPcbjj72ZJtFvdnXGPbAbpn3Ox6mH3g5STbANFp3vGSiE5u5ingAKV06mK6ZVqNYxUPlh4DlTnaIvLtF2kw==
  dependencies:
    "@fortawesome/fontawesome-common-types" "^0.2.35"

"@fortawesome/free-regular-svg-icons@^5.15.3":
  version "5.15.3"
  resolved "https://registry.yarnpkg.com/@fortawesome/free-regular-svg-icons/-/free-regular-svg-icons-5.15.3.tgz#1ec4f2410ff638db549c5c5484fc60b66407dbe6"
  integrity sha512-q4/p8Xehy9qiVTdDWHL4Z+o5PCLRChePGZRTXkl+/Z7erDVL8VcZUuqzJjs6gUz6czss4VIPBRdCz6wP37/zMQ==
  dependencies:
    "@fortawesome/fontawesome-common-types" "^0.2.35"

"@fortawesome/free-solid-svg-icons@^5.15.3":
  version "5.15.3"
  resolved "https://registry.yarnpkg.com/@fortawesome/free-solid-svg-icons/-/free-solid-svg-icons-5.15.3.tgz#52eebe354f60dc77e0bde934ffc5c75ffd04f9d8"
  integrity sha512-XPeeu1IlGYqz4VWGRAT5ukNMd4VHUEEJ7ysZ7pSSgaEtNvSo+FLurybGJVmiqkQdK50OkSja2bfZXOeyMGRD8Q==
  dependencies:
    "@fortawesome/fontawesome-common-types" "^0.2.35"

"@fortawesome/react-fontawesome@^0.1.14":
  version "0.1.14"
  resolved "https://registry.yarnpkg.com/@fortawesome/react-fontawesome/-/react-fontawesome-0.1.14.tgz#bf28875c3935b69ce2dc620e1060b217a47f64ca"
  integrity sha512-4wqNb0gRLVaBm/h+lGe8UfPPivcbuJ6ecI4hIgW0LjI7kzpYB9FkN0L9apbVzg+lsBdcTf0AlBtODjcSX5mmKA==
  dependencies:
    prop-types "^15.7.2"

"@wojtekmaj/date-utils@^1.0.2":
  version "1.0.3"
  resolved "https://registry.yarnpkg.com/@wojtekmaj/date-utils/-/date-utils-1.0.3.tgz#2dcfd92881425c5923e429c2aec86fb3609032a1"
  integrity sha512-1VPkkTBk07gMR1fjpBtse4G+oJqpmE+0gUFB0dg3VIL7qJmUVaBoD/vlzMm/jNeOPfvlmerl1lpnsZyBUFIRuw==

bootstrap-select@^1.13.18:
  version "1.13.18"
  resolved "https://registry.yarnpkg.com/bootstrap-select/-/bootstrap-select-1.13.18.tgz#4557119d58dc1159189977161c803962220e4dda"
  integrity sha512-V1IzK4rxBq5FrJtkzSH6RmFLFBsjx50byFbfAf8jYyXROWs7ZpprGjdHeoyq2HSsHyjJhMMwjsQhRoYAfxCGow==

classnames@^2.2.3:
  version "2.3.1"
  resolved "https://registry.yarnpkg.com/classnames/-/classnames-2.3.1.tgz#dfcfa3891e306ec1dad105d0e88f4417b8535e8e"
  integrity sha512-OlQdbZ7gLfGarSqxesMesDa5uz7KFbID8Kpq/SxIoNGDqY8lSYs0D+hhtBXhcdB3rcbXArFr7vlHheLk1voeNA==

get-user-locale@^1.2.0:
  version "1.4.0"
  resolved "https://registry.yarnpkg.com/get-user-locale/-/get-user-locale-1.4.0.tgz#a2c4b5da46feec9f03c9b07d197b1620490a5370"
  integrity sha512-gQo03lP1OArHLKlnoglqrGGl7b04u2EP9Xutmp72cMdtrrSD7ZgIsCsUKZynYWLDkVJW33Cj3pliP7uP0UonHQ==
  dependencies:
    lodash.once "^4.1.1"

"js-tokens@^3.0.0 || ^4.0.0":
  version "4.0.0"
  resolved "https://registry.yarnpkg.com/js-tokens/-/js-tokens-4.0.0.tgz#19203fb59991df98e3a287050d4647cdeaf32499"
  integrity sha512-RdJUflcE3cUzKiMqQgsCu06FPu9UdIJO0beYbPhHN4k6apgJtifcoCtT9bcxOpYBtpD2kCM6Sbzg4CausW/PKQ==

keymaster@^1.6.2:
  version "1.6.2"
  resolved "https://registry.yarnpkg.com/keymaster/-/keymaster-1.6.2.tgz#e1ae54d0ea9488f9f60b66b668f02e9a1946c6eb"
  integrity sha1-4a5U0OqUiPn2C2a2aPAumhlGxus=

lodash.once@^4.1.1:
  version "4.1.1"
  resolved "https://registry.yarnpkg.com/lodash.once/-/lodash.once-4.1.1.tgz#0dd3971213c7c56df880977d504c88fb471a97ac"
  integrity sha1-DdOXEhPHxW34gJd9UEyI+0cal6w=

loose-envify@^1.1.0, loose-envify@^1.4.0:
  version "1.4.0"
  resolved "https://registry.yarnpkg.com/loose-envify/-/loose-envify-1.4.0.tgz#71ee51fa7be4caec1a63839f7e682d8132d30caf"
  integrity sha512-lyuxPGr/Wfhrlem2CL/UcnUc1zcqKAImBDzukY7Y5F/yQiNdko6+fRLevlw1HgMySw7f611UIY408EtxRSoK3Q==
  dependencies:
    js-tokens "^3.0.0 || ^4.0.0"

merge-class-names@^1.1.1:
  version "1.4.0"
  resolved "https://registry.yarnpkg.com/merge-class-names/-/merge-class-names-1.4.0.tgz#02edcdd5ff677fbb03b47ecd4586df89d697b81b"
  integrity sha512-xNdBM7s+6uD+vNZJEymqrFbMBCDGzoA8clZTcj2F1XIy1QQKF+wjFVv7iDZFfdCBnViTdt54A4Ye2lmBsXrBjQ==

moment@^2.29.1:
  version "2.29.1"
  resolved "https://registry.yarnpkg.com/moment/-/moment-2.29.1.tgz#b2be769fa31940be9eeea6469c075e35006fa3d3"
  integrity sha512-kHmoybcPV8Sqy59DwNDY3Jefr64lK/by/da0ViFcuA4DH0vQg5Q6Ze5VimxkfQNSC+Mls/Kx53s7TjP1RhFEDQ==

multiselect-react-dropdown@^2.0.5:
  version "2.0.5"
  resolved "https://registry.yarnpkg.com/multiselect-react-dropdown/-/multiselect-react-dropdown-2.0.5.tgz#4652dfc5e8840acb3cf32820b426112b9c4e786d"
  integrity sha512-KIkhycdCrzLSMxnI9l2Q77BMx+qF3RYQwegZ5H70g3tcSae6h6JvEnwNm4oQWRiP0EMjlbYFl0aqd6KJEJyo5A==

object-assign@^4.1.1:
  version "4.1.1"
  resolved "https://registry.yarnpkg.com/object-assign/-/object-assign-4.1.1.tgz#2109adc7965887cfc05cbbd442cac8bfbb360863"
  integrity sha1-IQmtx5ZYh8/AXLvUQsrIv7s2CGM=

prop-types@^15.6.0, prop-types@^15.7.2:
  version "15.7.2"
  resolved "https://registry.yarnpkg.com/prop-types/-/prop-types-15.7.2.tgz#52c41e75b8c87e72b9d9360e0206b99dcbffa6c5"
  integrity sha512-8QQikdH7//R2vurIJSutZ1smHYTcLpRWEOlHnzcWHmBYrOGUysKwSsrC89BCiFj3CbrfJ/nXFdJepOVrY1GCHQ==
  dependencies:
    loose-envify "^1.4.0"
    object-assign "^4.1.1"
    react-is "^16.8.1"

react-calendar@^3.4.0:
  version "3.4.0"
  resolved "https://registry.yarnpkg.com/react-calendar/-/react-calendar-3.4.0.tgz#25396ca0992b3b2042abca334515f6ff4d9878bc"
  integrity sha512-ykbvXASArQQ8KZlCEXEdE+w+KFGSj7kDpdTRzbLVJeN26oUIu+EFavFDAqg4G//zTO0tSq5SMfqAa6fjrdGQjQ==
  dependencies:
    "@wojtekmaj/date-utils" "^1.0.2"
    get-user-locale "^1.2.0"
    merge-class-names "^1.1.1"
    prop-types "^15.6.0"

react-dom@^17.0.2:
  version "17.0.2"
  resolved "https://registry.yarnpkg.com/react-dom/-/react-dom-17.0.2.tgz#ecffb6845e3ad8dbfcdc498f0d0a939736502c23"
  integrity sha512-s4h96KtLDUQlsENhMn1ar8t2bEa+q/YAtj8pPPdIjPDGBDIVNsrD9aXNWqspUe6AzKCIG0C1HZZLqLV7qpOBGA==
  dependencies:
    loose-envify "^1.1.0"
    object-assign "^4.1.1"
    scheduler "^0.20.2"

react-dropdown@^1.9.2:
  version "1.9.2"
  resolved "https://registry.yarnpkg.com/react-dropdown/-/react-dropdown-1.9.2.tgz#db6cbc90184e3f6dd7eb40f7ddabac4b09dccf15"
  integrity sha512-g4eufErTi5P5T5bGK+VmLl//qvAHy79jm6KKx8G2Tl3mG90bpigb+Aw85P+C2JUdAnIIQdv8kP/oHN314GvAfw==
  dependencies:
    classnames "^2.2.3"

react-icons@^4.2.0:
  version "4.2.0"
  resolved "https://registry.yarnpkg.com/react-icons/-/react-icons-4.2.0.tgz#6dda80c8a8f338ff96a1851424d63083282630d0"
  integrity sha512-rmzEDFt+AVXRzD7zDE21gcxyBizD/3NqjbX6cmViAgdqfJ2UiLer8927/QhhrXQV7dEj/1EGuOTPp7JnLYVJKQ==

react-is@^16.8.1:
  version "16.13.1"
  resolved "https://registry.yarnpkg.com/react-is/-/react-is-16.13.1.tgz#789729a4dc36de2999dc156dd6c1d9c18cea56a4"
  integrity sha512-24e6ynE2H+OKt4kqsOvNd8kBpV65zoxbA4BVsEOB3ARVWQki/DHzaUoC5KuON/BiccDaCCTZBuOcfZs70kR8bQ==

react-popup@^0.10.0:
  version "0.10.0"
  resolved "https://registry.yarnpkg.com/react-popup/-/react-popup-0.10.0.tgz#8e8a7cd9a8b46d8f981c0216756e32ff2cacf2ac"
  integrity sha512-NPO65MsAznv/JaP3MDz3DAqKJsA8fEcW5ttzTj6wGXtjPi0qDeB+f+hf4IbMcVrlJ2ZG4uHEdgL6B5QP/AGv3Q==
  dependencies:
    keymaster "^1.6.2"

react@^17.0.2:
  version "17.0.2"
  resolved "https://registry.yarnpkg.com/react/-/react-17.0.2.tgz#d0b5cc516d29eb3eee383f75b62864cfb6800037"
  integrity sha512-gnhPt75i/dq/z3/6q/0asP78D0u592D5L1pd7M8P+dck6Fu/jJeL6iVVK23fptSUZj8Vjf++7wXA8UNclGQcbA==
  dependencies:
    loose-envify "^1.1.0"
    object-assign "^4.1.1"

scheduler@^0.20.2:
  version "0.20.2"
  resolved "https://registry.yarnpkg.com/scheduler/-/scheduler-0.20.2.tgz#4baee39436e34aa93b4874bddcbf0fe8b8b50e91"
  integrity sha512-2eWfGgAqqWFGqtdMmcL5zCMK1U8KlXv8SQFGglL3CEtd0aDVDWgeF/YoCmvln55m5zSk3J/20hTaSBeSObsQDQ==
  dependencies:
    loose-envify "^1.1.0"
    object-assign "^4.1.1"
